
Microsoft Visual Studio Solution File, Format Version 12.00
# Visual Studio Version 17
VisualStudioVersion = 17.11.35312.102
MinimumVisualStudioVersion = 10.0.40219.1
Project("{FAE04EC0-301F-11D3-BF4B-00C04F79EFBC}") = "Lecture_05", "Lecture_05\Lecture_05.csproj", "{3DC0C848-FFAA-4945-ACEA-2E2C159A632B}"
EndProject
Global
	GlobalSection(SolutionConfigurationPlatforms) = preSolution
		Debug|Any CPU = Debug|Any CPU
		Release|Any CPU = Release|Any CPU
	EndGlobalSection
	GlobalSection(ProjectConfigurationPlatforms) = postSolution
		{3DC0C848-FFAA-4945-ACEA-2E2C159A632B}.Debug|Any CPU.ActiveCfg = Debug|Any CPU
		{3DC0C848-FFAA-4945-ACEA-2E2C159A632B}.Debug|Any CPU.Build.0 = Debug|Any CPU
		{3DC0C848-FFAA-4945-ACEA-2E2C159A632B}.Release|Any CPU.ActiveCfg = Release|Any CPU
		{3DC0C848-FFAA-4945-ACEA-2E2C159A632B}.Release|Any CPU.Build.0 = Release|Any CPU
	EndGlobalSection
	GlobalSection(SolutionProperties) = preSolution
		HideSolutionNode = FALSE
	EndGlobalSection
	GlobalSection(ExtensibilityGlobals) = postSolution
		SolutionGuid = {A3C7E6C4-EEF5-43CD-8E14-7FCC3DD7C2E5}
	EndGlobalSection
EndGlobal
